
Microsoft Visual Studio Solution File, Format Version 12.00
# Visual Studio 15
VisualStudioVersion = 15.0.26228.10
MinimumVisualStudioVersion = 10.0.40219.1
Project("{FAE04EC0-301F-11D3-BF4B-00C04F79EFBC}") = "0.01_Intro", "0.01_Intro\0.01_Intro.csproj", "{0ADA5172-13B7-4BFC-A833-8A1BA49A058F}"
EndProject
Project("{FAE04EC0-301F-11D3-BF4B-00C04F79EFBC}") = "0.02_BasicTypesIntro", "0.02_BasicTypesIntro\0.02_BasicTypesIntro.csproj", "{B54A2E19-9932-4675-8FCA-11982DFF7543}"
EndProject
Project("{FAE04EC0-301F-11D3-BF4B-00C04F79EFBC}") = "0.02BasicTypes_Challenges", "0.02BasicTypes_Challenges\0.02BasicTypes_Challenges.csproj", "{C18B6D43-8EE0-4997-95B5-9C584233AAB5}"
EndProject
Project("{FAE04EC0-301F-11D3-BF4B-00C04F79EFBC}") = "0.03_Strings", "0.03_Strings\0.03_Strings.csproj", "{D6A57272-FAA9-4EA2-8E22-AB750B5B342F}"
EndProject
Project("{FAE04EC0-301F-11D3-BF4B-00C04F79EFBC}") = "0.04_Conditional_if", "0.04_Conditional_if\0.04_Conditional_if.csproj", "{E441C087-33FD-4ABB-BE43-5C9706AD85B5}"
EndProject
Project("{FAE04EC0-301F-11D3-BF4B-00C04F79EFBC}") = "0.04_Conditionals_if_else", "0.04_Conditionals_if_else\0.04_Conditionals_if_else.csproj", "{E29D9D0A-72C9-42AB-8242-2AEA83E40052}"
EndProject
Project("{FAE04EC0-301F-11D3-BF4B-00C04F79EFBC}") = "0.04_Conditionals_else_if", "0.04_Conditionals_else_if\0.04_Conditionals_else_if.csproj", "{139FB923-D12C-4DCC-B8A2-EAA36AF820D7}"
EndProject
Project("{FAE04EC0-301F-11D3-BF4B-00C04F79EFBC}") = "0.04_Conditionals_Switch", "0.04_Conditionals_Switch\0.04_Conditionals_Switch.csproj", "{668462FB-B97E-4792-8F0A-E384748E9136}"
EndProject
Project("{FAE04EC0-301F-11D3-BF4B-00C04F79EFBC}") = "0.04_Conditionals_ReadLine", "0.04_Conditionals_ReadLine\0.04_Conditionals_ReadLine.csproj", "{986FD5A0-EB77-49EF-B1DB-1B0BA52E08F9}"
EndProject
Project("{FAE04EC0-301F-11D3-BF4B-00C04F79EFBC}") = "0.05_Operators_ternary", "0.05_Operators_ternary\0.05_Operators_ternary.csproj", "{36A7C814-D892-4740-9C4B-2B33847159F3}"
EndProject
Project("{FAE04EC0-301F-11D3-BF4B-00C04F79EFBC}") = "0.04 Conditionals_ternary", "0.04 Conditionals_ternary\0.04 Conditionals_ternary.csproj", "{FF7ACE97-8D54-4BDF-AFDB-26CAA9EB71A1}"
EndProject
Project("{FAE04EC0-301F-11D3-BF4B-00C04F79EFBC}") = "0.06_Objects", "0.06_Objects\0.06_Objects.csproj", "{2CA95F30-7CAA-479A-B314-D93A64529FF8}"
EndProject
Project("{FAE04EC0-301F-11D3-BF4B-00C04F79EFBC}") = "0.06_Object_Challenge", "0.06_Object_Challenge\0.06_Object_Challenge.csproj", "{D8BD3444-45CB-4DFD-AB5E-3253ED685319}"
EndProject
Project("{FAE04EC0-301F-11D3-BF4B-00C04F79EFBC}") = "0.07_Methods", "0.07_Methods\0.07_Methods.csproj", "{778755DC-231F-4BA0-BDF8-5BF22B9E9EF9}"
EndProject
Project("{FAE04EC0-301F-11D3-BF4B-00C04F79EFBC}") = "0.07_Methods_Netflix_Challenge", "0.07_Methods_Netflix_Challenge\0.07_Methods_Netflix_Challenge.csproj", "{2CACE4BC-564E-4F8D-83C5-B7B28D590A38}"
EndProject
Project("{FAE04EC0-301F-11D3-BF4B-00C04F79EFBC}") = "0.07_Methods_Overloading", "0.07_Methods_Overloading\0.07_Methods_Overloading.csproj", "{C9488230-E4C3-4798-AAA2-3BAF32EFC9B1}"
EndProject
Project("{FAE04EC0-301F-11D3-BF4B-00C04F79EFBC}") = "0.07_Methods_Self_Practice", "0.07_Methods_Self_Practice\0.07_Methods_Self_Practice.csproj", "{4109FE9D-1FC0-4582-8CCB-15DE3355F887}"
EndProject
Project("{FAE04EC0-301F-11D3-BF4B-00C04F79EFBC}") = "0.08_Constructors", "0.08_Constructors\0.08_Constructors.csproj", "{255EC01D-9BD9-4475-8423-D93818B1A83A}"
EndProject
Project("{FAE04EC0-301F-11D3-BF4B-00C04F79EFBC}") = "0.08_Constructors_Challenge", "0.08_Constructors_Challenge\0.08_Constructors_Challenge.csproj", "{37D344FD-1BEB-4D2B-8FDB-FD6DD6E0419A}"
EndProject
Project("{FAE04EC0-301F-11D3-BF4B-00C04F79EFBC}") = "0.09_For_Loops", "0.09_For_Loops\0.09_For_Loops.csproj", "{C910D010-D320-4F2F-92A1-46DAD486DB55}"
EndProject
Project("{FAE04EC0-301F-11D3-BF4B-00C04F79EFBC}") = "0.09_For_Loop_Simple_Porgram", "0.09_For_Loop_Simple_Porgram\0.09_For_Loop_Simple_Porgram.csproj", "{10D74886-45E7-47B3-A53E-F7B96FA57F9E}"
EndProject
Project("{FAE04EC0-301F-11D3-BF4B-00C04F79EFBC}") = "0.09_For_Each_Lopps", "0.09_For_Each_Lopps\0.09_For_Each_Lopps.csproj", "{9F1896FA-CC04-4A61-AF69-BB74A82B7ABC}"
EndProject
Project("{FAE04EC0-301F-11D3-BF4B-00C04F79EFBC}") = "0.10_Collections_ArraysOfObject", "0.10_Collections_ArraysOfObject\0.10_Collections_ArraysOfObject.csproj", "{245B0EB0-1125-47A9-AF7F-1170202F61D7}"
EndProject
Project("{FAE04EC0-301F-11D3-BF4B-00C04F79EFBC}") = "0.11_Collections_and_Dictionaries", "0.11_Collections_and_Dictionaries\0.11_Collections_and_Dictionaries.csproj", "{508FC2E7-1A08-469E-85D4-BF136D3B8648}"
EndProject
Project("{FAE04EC0-301F-11D3-BF4B-00C04F79EFBC}") = "0.12_Inheritance", "0.12_Inheritance\0.12_Inheritance.csproj", "{EC268D40-BD7A-4323-80FF-5B3D206A7A35}"
EndProject
Project("{FAE04EC0-301F-11D3-BF4B-00C04F79EFBC}") = "0.13_Access_Modifiers", "0.13_Access_Modifiers\0.13_Access_Modifiers.csproj", "{A62F0747-0010-4928-9216-90F2B3EDCD14}"
EndProject
Project("{FAE04EC0-301F-11D3-BF4B-00C04F79EFBC}") = "0.14_Week1_Weekend_Review", "0.14_Week1_Weekend_Review\0.14_Week1_Weekend_Review.csproj", "{3F73043C-A262-4766-908C-0C175F7240DE}"
EndProject
Project("{FAE04EC0-301F-11D3-BF4B-00C04F79EFBC}") = "0.14_Bob_Tabor_Lessons", "0.14_Bob_Tabor_Lessons\0.14_Bob_Tabor_Lessons.csproj", "{D98A88CE-A0F9-4489-963C-B1451767B4DC}"
EndProject
Project("{FAE04EC0-301F-11D3-BF4B-00C04F79EFBC}") = "0.14_Bob_Tabor_Lessons_Operators_Expressions_Statements", "0.14_Bob_Tabor_Lessons_Operators_Expressions_Statements\0.14_Bob_Tabor_Lessons_Operators_Expressions_Statements.csproj", "{CBB02DB3-EF41-4250-83D8-A72D6B5F385C}"
EndProject
Project("{FAE04EC0-301F-11D3-BF4B-00C04F79EFBC}") = "0.14_Bob_Tabor_Lessons_For_Iterations", "0.14_Bob_Tabor_Lessons_For_Iterations\0.14_Bob_Tabor_Lessons_For_Iterations.csproj", "{2CB19CAC-54D7-43CA-8671-A7204D2065DD}"
EndProject
Project("{FAE04EC0-301F-11D3-BF4B-00C04F79EFBC}") = "0.14_Bob_Tabor_Understanding_Arrays", "0.14_Bob_Tabor_Understanding_Arrays\0.14_Bob_Tabor_Understanding_Arrays.csproj", "{420225F1-9953-4953-9722-2F0F1E15D67F}"
EndProject
Project("{FAE04EC0-301F-11D3-BF4B-00C04F79EFBC}") = "0.15_GetterandSetters", "0.15_GetterandSetters\0.15_GetterandSetters.csproj", "{54B0F317-2F51-4735-9B30-F3E24CBC1B84}"
EndProject
Project("{FAE04EC0-301F-11D3-BF4B-00C04F79EFBC}") = "0.16_Adventure_Game", "0.16_Adventure_Game\0.16_Adventure_Game.csproj", "{8DF5363F-D5E6-4760-8172-78F9938A731E}"
EndProject
Project("{FAE04EC0-301F-11D3-BF4B-00C04F79EFBC}") = "0.17_Structs", "0.17_Structs\0.17_Structs.csproj", "{4A3593B9-E291-4C58-8899-6033C65B98F8}"
EndProject
Project("{FAE04EC0-301F-11D3-BF4B-00C04F79EFBC}") = "0.18_Lists", "0.18_Lists\0.18_Lists.csproj", "{24A053CE-7286-4B60-A030-57335227E8B1}"
EndProject
Project("{FAE04EC0-301F-11D3-BF4B-00C04F79EFBC}") = "0.19_LINQ", "0.19_LINQ\0.19_LINQ.csproj", "{23D53549-B254-4624-8E38-A3E8687814BF}"
EndProject
Project("{FAE04EC0-301F-11D3-BF4B-00C04F79EFBC}") = "0.20_Brain_Talk", "ConsoleApp1\0.20_Brain_Talk.csproj", "{42613426-2993-419C-A17B-90370EF07D43}"
EndProject
Project("{FAE04EC0-301F-11D3-BF4B-00C04F79EFBC}") = "0.21_Class_Challenge", "0.21_Rep_Challenge\0.21_Class_Challenge.csproj", "{AB1FD47C-42D8-4DA2-867E-03A6973183B9}"
EndProject
Project("{FAE04EC0-301F-11D3-BF4B-00C04F79EFBC}") = "0.09_Constructors_base", "0.09_Constructors_base\0.09_Constructors_base.csproj", "{804398B3-E96F-47F4-BC7C-275D9D32934C}"
EndProject
Global
	GlobalSection(SolutionConfigurationPlatforms) = preSolution
		Debug|Any CPU = Debug|Any CPU
		Release|Any CPU = Release|Any CPU
	EndGlobalSection
	GlobalSection(ProjectConfigurationPlatforms) = postSolution
		{0ADA5172-13B7-4BFC-A833-8A1BA49A058F}.Debug|Any CPU.ActiveCfg = Debug|Any CPU
		{0ADA5172-13B7-4BFC-A833-8A1BA49A058F}.Debug|Any CPU.Build.0 = Debug|Any CPU
		{0ADA5172-13B7-4BFC-A833-8A1BA49A058F}.Release|Any CPU.ActiveCfg = Release|Any CPU
		{0ADA5172-13B7-4BFC-A833-8A1BA49A058F}.Release|Any CPU.Build.0 = Release|Any CPU
		{B54A2E19-9932-4675-8FCA-11982DFF7543}.Debug|Any CPU.ActiveCfg = Debug|Any CPU
		{B54A2E19-9932-4675-8FCA-11982DFF7543}.Debug|Any CPU.Build.0 = Debug|Any CPU
		{B54A2E19-9932-4675-8FCA-11982DFF7543}.Release|Any CPU.ActiveCfg = Release|Any CPU
		{B54A2E19-9932-4675-8FCA-11982DFF7543}.Release|Any CPU.Build.0 = Release|Any CPU
		{C18B6D43-8EE0-4997-95B5-9C584233AAB5}.Debug|Any CPU.ActiveCfg = Debug|Any CPU
		{C18B6D43-8EE0-4997-95B5-9C584233AAB5}.Debug|Any CPU.Build.0 = Debug|Any CPU
		{C18B6D43-8EE0-4997-95B5-9C584233AAB5}.Release|Any CPU.ActiveCfg = Release|Any CPU
		{C18B6D43-8EE0-4997-95B5-9C584233AAB5}.Release|Any CPU.Build.0 = Release|Any CPU
		{D6A57272-FAA9-4EA2-8E22-AB750B5B342F}.Debug|Any CPU.ActiveCfg = Debug|Any CPU
		{D6A57272-FAA9-4EA2-8E22-AB750B5B342F}.Debug|Any CPU.Build.0 = Debug|Any CPU
		{D6A57272-FAA9-4EA2-8E22-AB750B5B342F}.Release|Any CPU.ActiveCfg = Release|Any CPU
		{D6A57272-FAA9-4EA2-8E22-AB750B5B342F}.Release|Any CPU.Build.0 = Release|Any CPU
		{E441C087-33FD-4ABB-BE43-5C9706AD85B5}.Debug|Any CPU.ActiveCfg = Debug|Any CPU
		{E441C087-33FD-4ABB-BE43-5C9706AD85B5}.Debug|Any CPU.Build.0 = Debug|Any CPU
		{E441C087-33FD-4ABB-BE43-5C9706AD85B5}.Release|Any CPU.ActiveCfg = Release|Any CPU
		{E441C087-33FD-4ABB-BE43-5C9706AD85B5}.Release|Any CPU.Build.0 = Release|Any CPU
		{E29D9D0A-72C9-42AB-8242-2AEA83E40052}.Debug|Any CPU.ActiveCfg = Debug|Any CPU
		{E29D9D0A-72C9-42AB-8242-2AEA83E40052}.Debug|Any CPU.Build.0 = Debug|Any CPU
		{E29D9D0A-72C9-42AB-8242-2AEA83E40052}.Release|Any CPU.ActiveCfg = Release|Any CPU
		{E29D9D0A-72C9-42AB-8242-2AEA83E40052}.Release|Any CPU.Build.0 = Release|Any CPU
		{139FB923-D12C-4DCC-B8A2-EAA36AF820D7}.Debug|Any CPU.ActiveCfg = Debug|Any CPU
		{139FB923-D12C-4DCC-B8A2-EAA36AF820D7}.Debug|Any CPU.Build.0 = Debug|Any CPU
		{139FB923-D12C-4DCC-B8A2-EAA36AF820D7}.Release|Any CPU.ActiveCfg = Release|Any CPU
		{139FB923-D12C-4DCC-B8A2-EAA36AF820D7}.Release|Any CPU.Build.0 = Release|Any CPU
		{668462FB-B97E-4792-8F0A-E384748E9136}.Debug|Any CPU.ActiveCfg = Debug|Any CPU
		{668462FB-B97E-4792-8F0A-E384748E9136}.Debug|Any CPU.Build.0 = Debug|Any CPU
		{668462FB-B97E-4792-8F0A-E384748E9136}.Release|Any CPU.ActiveCfg = Release|Any CPU
		{668462FB-B97E-4792-8F0A-E384748E9136}.Release|Any CPU.Build.0 = Release|Any CPU
		{986FD5A0-EB77-49EF-B1DB-1B0BA52E08F9}.Debug|Any CPU.ActiveCfg = Debug|Any CPU
		{986FD5A0-EB77-49EF-B1DB-1B0BA52E08F9}.Debug|Any CPU.Build.0 = Debug|Any CPU
		{986FD5A0-EB77-49EF-B1DB-1B0BA52E08F9}.Release|Any CPU.ActiveCfg = Release|Any CPU
		{986FD5A0-EB77-49EF-B1DB-1B0BA52E08F9}.Release|Any CPU.Build.0 = Release|Any CPU
		{36A7C814-D892-4740-9C4B-2B33847159F3}.Debug|Any CPU.ActiveCfg = Debug|Any CPU
		{36A7C814-D892-4740-9C4B-2B33847159F3}.Debug|Any CPU.Build.0 = Debug|Any CPU
		{36A7C814-D892-4740-9C4B-2B33847159F3}.Release|Any CPU.ActiveCfg = Release|Any CPU
		{36A7C814-D892-4740-9C4B-2B33847159F3}.Release|Any CPU.Build.0 = Release|Any CPU
		{FF7ACE97-8D54-4BDF-AFDB-26CAA9EB71A1}.Debug|Any CPU.ActiveCfg = Debug|Any CPU
		{FF7ACE97-8D54-4BDF-AFDB-26CAA9EB71A1}.Debug|Any CPU.Build.0 = Debug|Any CPU
		{FF7ACE97-8D54-4BDF-AFDB-26CAA9EB71A1}.Release|Any CPU.ActiveCfg = Release|Any CPU
		{FF7ACE97-8D54-4BDF-AFDB-26CAA9EB71A1}.Release|Any CPU.Build.0 = Release|Any CPU
		{2CA95F30-7CAA-479A-B314-D93A64529FF8}.Debug|Any CPU.ActiveCfg = Debug|Any CPU
		{2CA95F30-7CAA-479A-B314-D93A64529FF8}.Debug|Any CPU.Build.0 = Debug|Any CPU
		{2CA95F30-7CAA-479A-B314-D93A64529FF8}.Release|Any CPU.ActiveCfg = Release|Any CPU
		{2CA95F30-7CAA-479A-B314-D93A64529FF8}.Release|Any CPU.Build.0 = Release|Any CPU
		{D8BD3444-45CB-4DFD-AB5E-3253ED685319}.Debug|Any CPU.ActiveCfg = Debug|Any CPU
		{D8BD3444-45CB-4DFD-AB5E-3253ED685319}.Debug|Any CPU.Build.0 = Debug|Any CPU
		{D8BD3444-45CB-4DFD-AB5E-3253ED685319}.Release|Any CPU.ActiveCfg = Release|Any CPU
		{D8BD3444-45CB-4DFD-AB5E-3253ED685319}.Release|Any CPU.Build.0 = Release|Any CPU
		{778755DC-231F-4BA0-BDF8-5BF22B9E9EF9}.Debug|Any CPU.ActiveCfg = Debug|Any CPU
		{778755DC-231F-4BA0-BDF8-5BF22B9E9EF9}.Debug|Any CPU.Build.0 = Debug|Any CPU
		{778755DC-231F-4BA0-BDF8-5BF22B9E9EF9}.Release|Any CPU.ActiveCfg = Release|Any CPU
		{778755DC-231F-4BA0-BDF8-5BF22B9E9EF9}.Release|Any CPU.Build.0 = Release|Any CPU
		{2CACE4BC-564E-4F8D-83C5-B7B28D590A38}.Debug|Any CPU.ActiveCfg = Debug|Any CPU
		{2CACE4BC-564E-4F8D-83C5-B7B28D590A38}.Debug|Any CPU.Build.0 = Debug|Any CPU
		{2CACE4BC-564E-4F8D-83C5-B7B28D590A38}.Release|Any CPU.ActiveCfg = Release|Any CPU
		{2CACE4BC-564E-4F8D-83C5-B7B28D590A38}.Release|Any CPU.Build.0 = Release|Any CPU
		{C9488230-E4C3-4798-AAA2-3BAF32EFC9B1}.Debug|Any CPU.ActiveCfg = Debug|Any CPU
		{C9488230-E4C3-4798-AAA2-3BAF32EFC9B1}.Debug|Any CPU.Build.0 = Debug|Any CPU
		{C9488230-E4C3-4798-AAA2-3BAF32EFC9B1}.Release|Any CPU.ActiveCfg = Release|Any CPU
		{C9488230-E4C3-4798-AAA2-3BAF32EFC9B1}.Release|Any CPU.Build.0 = Release|Any CPU
		{4109FE9D-1FC0-4582-8CCB-15DE3355F887}.Debug|Any CPU.ActiveCfg = Debug|Any CPU
		{4109FE9D-1FC0-4582-8CCB-15DE3355F887}.Debug|Any CPU.Build.0 = Debug|Any CPU
		{4109FE9D-1FC0-4582-8CCB-15DE3355F887}.Release|Any CPU.ActiveCfg = Release|Any CPU
		{4109FE9D-1FC0-4582-8CCB-15DE3355F887}.Release|Any CPU.Build.0 = Release|Any CPU
		{255EC01D-9BD9-4475-8423-D93818B1A83A}.Debug|Any CPU.ActiveCfg = Debug|Any CPU
		{255EC01D-9BD9-4475-8423-D93818B1A83A}.Debug|Any CPU.Build.0 = Debug|Any CPU
		{255EC01D-9BD9-4475-8423-D93818B1A83A}.Release|Any CPU.ActiveCfg = Release|Any CPU
		{255EC01D-9BD9-4475-8423-D93818B1A83A}.Release|Any CPU.Build.0 = Release|Any CPU
		{37D344FD-1BEB-4D2B-8FDB-FD6DD6E0419A}.Debug|Any CPU.ActiveCfg = Debug|Any CPU
		{37D344FD-1BEB-4D2B-8FDB-FD6DD6E0419A}.Debug|Any CPU.Build.0 = Debug|Any CPU
		{37D344FD-1BEB-4D2B-8FDB-FD6DD6E0419A}.Release|Any CPU.ActiveCfg = Release|Any CPU
		{37D344FD-1BEB-4D2B-8FDB-FD6DD6E0419A}.Release|Any CPU.Build.0 = Release|Any CPU
		{C910D010-D320-4F2F-92A1-46DAD486DB55}.Debug|Any CPU.ActiveCfg = Debug|Any CPU
		{C910D010-D320-4F2F-92A1-46DAD486DB55}.Debug|Any CPU.Build.0 = Debug|Any CPU
		{C910D010-D320-4F2F-92A1-46DAD486DB55}.Release|Any CPU.ActiveCfg = Release|Any CPU
		{C910D010-D320-4F2F-92A1-46DAD486DB55}.Release|Any CPU.Build.0 = Release|Any CPU
		{10D74886-45E7-47B3-A53E-F7B96FA57F9E}.Debug|Any CPU.ActiveCfg = Debug|Any CPU
		{10D74886-45E7-47B3-A53E-F7B96FA57F9E}.Debug|Any CPU.Build.0 = Debug|Any CPU
		{10D74886-45E7-47B3-A53E-F7B96FA57F9E}.Release|Any CPU.ActiveCfg = Release|Any CPU
		{10D74886-45E7-47B3-A53E-F7B96FA57F9E}.Release|Any CPU.Build.0 = Release|Any CPU
		{9F1896FA-CC04-4A61-AF69-BB74A82B7ABC}.Debug|Any CPU.ActiveCfg = Debug|Any CPU
		{9F1896FA-CC04-4A61-AF69-BB74A82B7ABC}.Debug|Any CPU.Build.0 = Debug|Any CPU
		{9F1896FA-CC04-4A61-AF69-BB74A82B7ABC}.Release|Any CPU.ActiveCfg = Release|Any CPU
		{9F1896FA-CC04-4A61-AF69-BB74A82B7ABC}.Release|Any CPU.Build.0 = Release|Any CPU
		{245B0EB0-1125-47A9-AF7F-1170202F61D7}.Debug|Any CPU.ActiveCfg = Debug|Any CPU
		{245B0EB0-1125-47A9-AF7F-1170202F61D7}.Debug|Any CPU.Build.0 = Debug|Any CPU
		{245B0EB0-1125-47A9-AF7F-1170202F61D7}.Release|Any CPU.ActiveCfg = Release|Any CPU
		{245B0EB0-1125-47A9-AF7F-1170202F61D7}.Release|Any CPU.Build.0 = Release|Any CPU
		{508FC2E7-1A08-469E-85D4-BF136D3B8648}.Debug|Any CPU.ActiveCfg = Debug|Any CPU
		{508FC2E7-1A08-469E-85D4-BF136D3B8648}.Debug|Any CPU.Build.0 = Debug|Any CPU
		{508FC2E7-1A08-469E-85D4-BF136D3B8648}.Release|Any CPU.ActiveCfg = Release|Any CPU
		{508FC2E7-1A08-469E-85D4-BF136D3B8648}.Release|Any CPU.Build.0 = Release|Any CPU
		{EC268D40-BD7A-4323-80FF-5B3D206A7A35}.Debug|Any CPU.ActiveCfg = Debug|Any CPU
		{EC268D40-BD7A-4323-80FF-5B3D206A7A35}.Debug|Any CPU.Build.0 = Debug|Any CPU
		{EC268D40-BD7A-4323-80FF-5B3D206A7A35}.Release|Any CPU.ActiveCfg = Release|Any CPU
		{EC268D40-BD7A-4323-80FF-5B3D206A7A35}.Release|Any CPU.Build.0 = Release|Any CPU
		{A62F0747-0010-4928-9216-90F2B3EDCD14}.Debug|Any CPU.ActiveCfg = Debug|Any CPU
		{A62F0747-0010-4928-9216-90F2B3EDCD14}.Debug|Any CPU.Build.0 = Debug|Any CPU
		{A62F0747-0010-4928-9216-90F2B3EDCD14}.Release|Any CPU.ActiveCfg = Release|Any CPU
		{A62F0747-0010-4928-9216-90F2B3EDCD14}.Release|Any CPU.Build.0 = Release|Any CPU
		{3F73043C-A262-4766-908C-0C175F7240DE}.Debug|Any CPU.ActiveCfg = Debug|Any CPU
		{3F73043C-A262-4766-908C-0C175F7240DE}.Debug|Any CPU.Build.0 = Debug|Any CPU
		{3F73043C-A262-4766-908C-0C175F7240DE}.Release|Any CPU.ActiveCfg = Release|Any CPU
		{3F73043C-A262-4766-908C-0C175F7240DE}.Release|Any CPU.Build.0 = Release|Any CPU
		{D98A88CE-A0F9-4489-963C-B1451767B4DC}.Debug|Any CPU.ActiveCfg = Debug|Any CPU
		{D98A88CE-A0F9-4489-963C-B1451767B4DC}.Debug|Any CPU.Build.0 = Debug|Any CPU
		{D98A88CE-A0F9-4489-963C-B1451767B4DC}.Release|Any CPU.ActiveCfg = Release|Any CPU
		{D98A88CE-A0F9-4489-963C-B1451767B4DC}.Release|Any CPU.Build.0 = Release|Any CPU
		{CBB02DB3-EF41-4250-83D8-A72D6B5F385C}.Debug|Any CPU.ActiveCfg = Debug|Any CPU
		{CBB02DB3-EF41-4250-83D8-A72D6B5F385C}.Debug|Any CPU.Build.0 = Debug|Any CPU
		{CBB02DB3-EF41-4250-83D8-A72D6B5F385C}.Release|Any CPU.ActiveCfg = Release|Any CPU
		{CBB02DB3-EF41-4250-83D8-A72D6B5F385C}.Release|Any CPU.Build.0 = Release|Any CPU
		{2CB19CAC-54D7-43CA-8671-A7204D2065DD}.Debug|Any CPU.ActiveCfg = Debug|Any CPU
		{2CB19CAC-54D7-43CA-8671-A7204D2065DD}.Debug|Any CPU.Build.0 = Debug|Any CPU
		{2CB19CAC-54D7-43CA-8671-A7204D2065DD}.Release|Any CPU.ActiveCfg = Release|Any CPU
		{2CB19CAC-54D7-43CA-8671-A7204D2065DD}.Release|Any CPU.Build.0 = Release|Any CPU
		{420225F1-9953-4953-9722-2F0F1E15D67F}.Debug|Any CPU.ActiveCfg = Debug|Any CPU
		{420225F1-9953-4953-9722-2F0F1E15D67F}.Debug|Any CPU.Build.0 = Debug|Any CPU
		{420225F1-9953-4953-9722-2F0F1E15D67F}.Release|Any CPU.ActiveCfg = Release|Any CPU
		{420225F1-9953-4953-9722-2F0F1E15D67F}.Release|Any CPU.Build.0 = Release|Any CPU
		{54B0F317-2F51-4735-9B30-F3E24CBC1B84}.Debug|Any CPU.ActiveCfg = Debug|Any CPU
		{54B0F317-2F51-4735-9B30-F3E24CBC1B84}.Debug|Any CPU.Build.0 = Debug|Any CPU
		{54B0F317-2F51-4735-9B30-F3E24CBC1B84}.Release|Any CPU.ActiveCfg = Release|Any CPU
		{54B0F317-2F51-4735-9B30-F3E24CBC1B84}.Release|Any CPU.Build.0 = Release|Any CPU
		{8DF5363F-D5E6-4760-8172-78F9938A731E}.Debug|Any CPU.ActiveCfg = Debug|Any CPU
		{8DF5363F-D5E6-4760-8172-78F9938A731E}.Debug|Any CPU.Build.0 = Debug|Any CPU
		{8DF5363F-D5E6-4760-8172-78F9938A731E}.Release|Any CPU.ActiveCfg = Release|Any CPU
		{8DF5363F-D5E6-4760-8172-78F9938A731E}.Release|Any CPU.Build.0 = Release|Any CPU
		{4A3593B9-E291-4C58-8899-6033C65B98F8}.Debug|Any CPU.ActiveCfg = Debug|Any CPU
		{4A3593B9-E291-4C58-8899-6033C65B98F8}.Debug|Any CPU.Build.0 = Debug|Any CPU
		{4A3593B9-E291-4C58-8899-6033C65B98F8}.Release|Any CPU.ActiveCfg = Release|Any CPU
		{4A3593B9-E291-4C58-8899-6033C65B98F8}.Release|Any CPU.Build.0 = Release|Any CPU
		{24A053CE-7286-4B60-A030-57335227E8B1}.Debug|Any CPU.ActiveCfg = Debug|Any CPU
		{24A053CE-7286-4B60-A030-57335227E8B1}.Debug|Any CPU.Build.0 = Debug|Any CPU
		{24A053CE-7286-4B60-A030-57335227E8B1}.Release|Any CPU.ActiveCfg = Release|Any CPU
		{24A053CE-7286-4B60-A030-57335227E8B1}.Release|Any CPU.Build.0 = Release|Any CPU
		{23D53549-B254-4624-8E38-A3E8687814BF}.Debug|Any CPU.ActiveCfg = Debug|Any CPU
		{23D53549-B254-4624-8E38-A3E8687814BF}.Debug|Any CPU.Build.0 = Debug|Any CPU
		{23D53549-B254-4624-8E38-A3E8687814BF}.Release|Any CPU.ActiveCfg = Release|Any CPU
		{23D53549-B254-4624-8E38-A3E8687814BF}.Release|Any CPU.Build.0 = Release|Any CPU
		{42613426-2993-419C-A17B-90370EF07D43}.Debug|Any CPU.ActiveCfg = Debug|Any CPU
		{42613426-2993-419C-A17B-90370EF07D43}.Debug|Any CPU.Build.0 = Debug|Any CPU
		{42613426-2993-419C-A17B-90370EF07D43}.Release|Any CPU.ActiveCfg = Release|Any CPU
		{42613426-2993-419C-A17B-90370EF07D43}.Release|Any CPU.Build.0 = Release|Any CPU
		{AB1FD47C-42D8-4DA2-867E-03A6973183B9}.Debug|Any CPU.ActiveCfg = Debug|Any CPU
		{AB1FD47C-42D8-4DA2-867E-03A6973183B9}.Debug|Any CPU.Build.0 = Debug|Any CPU
		{AB1FD47C-42D8-4DA2-867E-03A6973183B9}.Release|Any CPU.ActiveCfg = Release|Any CPU
		{AB1FD47C-42D8-4DA2-867E-03A6973183B9}.Release|Any CPU.Build.0 = Release|Any CPU
		{804398B3-E96F-47F4-BC7C-275D9D32934C}.Debug|Any CPU.ActiveCfg = Debug|Any CPU
		{804398B3-E96F-47F4-BC7C-275D9D32934C}.Debug|Any CPU.Build.0 = Debug|Any CPU
		{804398B3-E96F-47F4-BC7C-275D9D32934C}.Release|Any CPU.ActiveCfg = Release|Any CPU
		{804398B3-E96F-47F4-BC7C-275D9D32934C}.Release|Any CPU.Build.0 = Release|Any CPU
	EndGlobalSection
	GlobalSection(SolutionProperties) = preSolution
		HideSolutionNode = FALSE
	EndGlobalSection
EndGlobal
